
Microsoft Visual Studio Solution File, Format Version 10.00
# Visual Studio 2008
Project("{FAE04EC0-301F-11D3-BF4B-00C04F79EFBC}") = "tmpSP", "tmpSP\tmpSP.csproj", "{22958DCB-55E9-4B20-BD71-AF0A594968F1}"
EndProject
Global
	GlobalSection(SolutionConfigurationPlatforms) = preSolution
		Debug|Any CPU = Debug|Any CPU
		Release|Any CPU = Release|Any CPU
	EndGlobalSection
	GlobalSection(ProjectConfigurationPlatforms) = postSolution
		{22958DCB-55E9-4B20-BD71-AF0A594968F1}.Debug|Any CPU.ActiveCfg = Debug|Any CPU
		{22958DCB-55E9-4B20-BD71-AF0A594968F1}.Debug|Any CPU.Build.0 = Debug|Any CPU
		{22958DCB-55E9-4B20-BD71-AF0A594968F1}.Release|Any CPU.ActiveCfg = Release|Any CPU
		{22958DCB-55E9-4B20-BD71-AF0A594968F1}.Release|Any CPU.Build.0 = Release|Any CPU
	EndGlobalSection
	GlobalSection(SolutionProperties) = preSolution
		HideSolutionNode = FALSE
	EndGlobalSection
EndGlobal
