
Microsoft Visual Studio Solution File, Format Version 10.00
# Visual Studio 2008
Project("{FAE04EC0-301F-11D3-BF4B-00C04F79EFBC}") = "tmpBinOctHexDec", "tmpBinOctHexDec\tmpBinOctHexDec.csproj", "{354F52C0-F81D-48F9-8A78-F623FB4ADF42}"
EndProject
Global
	GlobalSection(SolutionConfigurationPlatforms) = preSolution
		Debug|Any CPU = Debug|Any CPU
		Release|Any CPU = Release|Any CPU
	EndGlobalSection
	GlobalSection(ProjectConfigurationPlatforms) = postSolution
		{354F52C0-F81D-48F9-8A78-F623FB4ADF42}.Debug|Any CPU.ActiveCfg = Debug|Any CPU
		{354F52C0-F81D-48F9-8A78-F623FB4ADF42}.Debug|Any CPU.Build.0 = Debug|Any CPU
		{354F52C0-F81D-48F9-8A78-F623FB4ADF42}.Release|Any CPU.ActiveCfg = Release|Any CPU
		{354F52C0-F81D-48F9-8A78-F623FB4ADF42}.Release|Any CPU.Build.0 = Release|Any CPU
	EndGlobalSection
	GlobalSection(SolutionProperties) = preSolution
		HideSolutionNode = FALSE
	EndGlobalSection
EndGlobal
