
Microsoft Visual Studio Solution File, Format Version 10.00
# Visual Studio 2008
Project("{FAE04EC0-301F-11D3-BF4B-00C04F79EFBC}") = "HelloWorld", "HelloWorld\HelloWorld.csproj", "{7B1A1CEC-6085-4D69-AF89-1743B39E3AA7}"
EndProject
Global
	GlobalSection(SolutionConfigurationPlatforms) = preSolution
		Debug|Any CPU = Debug|Any CPU
		Release|Any CPU = Release|Any CPU
	EndGlobalSection
	GlobalSection(ProjectConfigurationPlatforms) = postSolution
		{7B1A1CEC-6085-4D69-AF89-1743B39E3AA7}.Debug|Any CPU.ActiveCfg = Debug|Any CPU
		{7B1A1CEC-6085-4D69-AF89-1743B39E3AA7}.Debug|Any CPU.Build.0 = Debug|Any CPU
		{7B1A1CEC-6085-4D69-AF89-1743B39E3AA7}.Release|Any CPU.ActiveCfg = Release|Any CPU
		{7B1A1CEC-6085-4D69-AF89-1743B39E3AA7}.Release|Any CPU.Build.0 = Release|Any CPU
	EndGlobalSection
	GlobalSection(SolutionProperties) = preSolution
		HideSolutionNode = FALSE
	EndGlobalSection
EndGlobal
