
Microsoft Visual Studio Solution File, Format Version 10.00
# Visual Studio 2008
Project("{FAE04EC0-301F-11D3-BF4B-00C04F79EFBC}") = "CKFConverter", "CKFConverter\CKFConverter.csproj", "{8DB4528B-547D-4614-AB7E-8CBB4FFDE429}"
EndProject
Global
	GlobalSection(SolutionConfigurationPlatforms) = preSolution
		Debug|Any CPU = Debug|Any CPU
		Release|Any CPU = Release|Any CPU
	EndGlobalSection
	GlobalSection(ProjectConfigurationPlatforms) = postSolution
		{8DB4528B-547D-4614-AB7E-8CBB4FFDE429}.Debug|Any CPU.ActiveCfg = Debug|Any CPU
		{8DB4528B-547D-4614-AB7E-8CBB4FFDE429}.Debug|Any CPU.Build.0 = Debug|Any CPU
		{8DB4528B-547D-4614-AB7E-8CBB4FFDE429}.Release|Any CPU.ActiveCfg = Release|Any CPU
		{8DB4528B-547D-4614-AB7E-8CBB4FFDE429}.Release|Any CPU.Build.0 = Release|Any CPU
	EndGlobalSection
	GlobalSection(SolutionProperties) = preSolution
		HideSolutionNode = FALSE
	EndGlobalSection
EndGlobal
