
Microsoft Visual Studio Solution File, Format Version 10.00
# Visual Studio 2008
Project("{FAE04EC0-301F-11D3-BF4B-00C04F79EFBC}") = "tmpCodeTable", "tmpCodeTable\tmpCodeTable.csproj", "{EA1A332F-DF14-4FF2-A08C-1AD98C0F044B}"
EndProject
Global
	GlobalSection(SolutionConfigurationPlatforms) = preSolution
		Debug|Any CPU = Debug|Any CPU
		Release|Any CPU = Release|Any CPU
	EndGlobalSection
	GlobalSection(ProjectConfigurationPlatforms) = postSolution
		{EA1A332F-DF14-4FF2-A08C-1AD98C0F044B}.Debug|Any CPU.ActiveCfg = Debug|Any CPU
		{EA1A332F-DF14-4FF2-A08C-1AD98C0F044B}.Debug|Any CPU.Build.0 = Debug|Any CPU
		{EA1A332F-DF14-4FF2-A08C-1AD98C0F044B}.Release|Any CPU.ActiveCfg = Release|Any CPU
		{EA1A332F-DF14-4FF2-A08C-1AD98C0F044B}.Release|Any CPU.Build.0 = Release|Any CPU
	EndGlobalSection
	GlobalSection(SolutionProperties) = preSolution
		HideSolutionNode = FALSE
	EndGlobalSection
EndGlobal
